<?xml version="1.0" encoding="utf-8"?>
<Project ToolsVersion="4.0" xmlns="http://schemas.microsoft.com/developer/msbuild/2003">
  <ItemGroup>
    <Filter Include="源文件">
      <UniqueIdentifier>{4FC737F1-C7A5-4376-A066-2A32D752A2FF}</UniqueIdentifier>
      <Extensions>cpp;c;cc;cxx;def;odl;idl;hpj;bat;asm;asmx</Extensions>
    </Filter>
    <Filter Include="头文件">
      <UniqueIdentifier>{93995380-89BD-4b04-88EB-625FBE52EBFB}</UniqueIdentifier>
      <Extensions>h;hh;hpp;hxx;hm;inl;inc;xsd</Extensions>
    </Filter>
    <Filter Include="资源文件">
      <UniqueIdentifier>{67DA6AB6-F800-4c08-8B7A-83BB121AAD01}</UniqueIdentifier>
      <Extensions>rc;ico;cur;bmp;dlg;rc2;rct;bin;rgs;gif;jpg;jpeg;jpe;resx;tiff;tif;png;wav;mfcribbon-ms</Extensions>
    </Filter>
  </ItemGroup>
  <ItemGroup>
    <ClInclude Include="publicdef.h">
      <Filter>头文件</Filter>
    </ClInclude>
    <ClInclude Include="buyStock2.h">
      <Filter>头文件</Filter>
    </ClInclude>
    <ClInclude Include="findmink.h">
      <Filter>头文件</Filter>
    </ClInclude>
    <ClInclude Include="Judgelist.h">
      <Filter>头文件</Filter>
    </ClInclude>
    <ClInclude Include="mintreedepth.h">
      <Filter>头文件</Filter>
    </ClInclude>
    <ClInclude Include="MaxPalindrome.h">
      <Filter>头文件</Filter>
    </ClInclude>
    <ClInclude Include="middlenode.h">
      <Filter>头文件</Filter>
    </ClInclude>
    <ClInclude Include="of22.h">
      <Filter>头文件</Filter>
    </ClInclude>
    <ClInclude Include="of04.h">
      <Filter>头文件</Filter>
    </ClInclude>
    <ClInclude Include="155.h">
      <Filter>头文件</Filter>
    </ClInclude>
    <ClInclude Include="of05.h">
      <Filter>头文件</Filter>
    </ClInclude>
    <ClInclude Include="0106.h">
      <Filter>头文件</Filter>
    </ClInclude>
    <ClInclude Include="pro112.h">
      <Filter>头文件</Filter>
    </ClInclude>
    <ClInclude Include="pro167.h">
      <Filter>头文件</Filter>
    </ClInclude>
    <ClInclude Include="0101.h">
      <Filter>头文件</Filter>
    </ClInclude>
    <ClInclude Include="pro226.h">
      <Filter>头文件</Filter>
    </ClInclude>
    <ClInclude Include="1716.h">
      <Filter>头文件</Filter>
    </ClInclude>
    <ClInclude Include="pro160.h">
      <Filter>头文件</Filter>
    </ClInclude>
    <ClInclude Include="pro1013.h">
      <Filter>头文件</Filter>
    </ClInclude>
    <ClInclude Include="pro685.h">
      <Filter>头文件</Filter>
    </ClInclude>
    <ClInclude Include="pro234.h">
      <Filter>头文件</Filter>
    </ClInclude>
    <ClInclude Include="leftrotatestring.h">
      <Filter>头文件</Filter>
    </ClInclude>
    <ClInclude Include="p543.h">
      <Filter>头文件</Filter>
    </ClInclude>
    <ClInclude Include="pro344.h">
      <Filter>头文件</Filter>
    </ClInclude>
    <ClInclude Include="pro202.h">
      <Filter>头文件</Filter>
    </ClInclude>
    <ClInclude Include="pro1160.h">
      <Filter>头文件</Filter>
    </ClInclude>
    <ClInclude Include="of29.h">
      <Filter>头文件</Filter>
    </ClInclude>
    <ClInclude Include="of24.h">
      <Filter>头文件</Filter>
    </ClInclude>
    <ClInclude Include="pro350.h">
      <Filter>头文件</Filter>
    </ClInclude>
    <ClInclude Include="off10_1.h">
      <Filter>头文件</Filter>
    </ClInclude>
    <ClInclude Include="pro1431.h">
      <Filter>头文件</Filter>
    </ClInclude>
    <ClInclude Include="pro557.h">
      <Filter>头文件</Filter>
    </ClInclude>
    <ClInclude Include="pro242.h">
      <Filter>头文件</Filter>
    </ClInclude>
    <ClInclude Include="of21.h">
      <Filter>头文件</Filter>
    </ClInclude>
    <ClInclude Include="pro189.h">
      <Filter>头文件</Filter>
    </ClInclude>
    <ClInclude Include="off53.h">
      <Filter>头文件</Filter>
    </ClInclude>
    <ClInclude Include="pro892.h">
      <Filter>头文件</Filter>
    </ClInclude>
    <ClInclude Include="pro1071.h">
      <Filter>头文件</Filter>
    </ClInclude>
    <ClInclude Include="pro836.h">
      <Filter>头文件</Filter>
    </ClInclude>
    <ClInclude Include="of27.h">
      <Filter>头文件</Filter>
    </ClInclude>
    <ClInclude Include="pro217.h">
      <Filter>头文件</Filter>
    </ClInclude>
    <ClInclude Include="pro257.h">
      <Filter>头文件</Filter>
    </ClInclude>
    <ClInclude Include="of42.h">
      <Filter>头文件</Filter>
    </ClInclude>
    <ClInclude Include="of10_2.h">
      <Filter>头文件</Filter>
    </ClInclude>
    <ClInclude Include="of17.h">
      <Filter>头文件</Filter>
    </ClInclude>
    <ClInclude Include="pro680.h">
      <Filter>头文件</Filter>
    </ClInclude>
    <ClInclude Include="of59_1.h">
      <Filter>头文件</Filter>
    </ClInclude>
    <ClInclude Include="pro461.h">
      <Filter>头文件</Filter>
    </ClInclude>
    <ClInclude Include="pro914.h">
      <Filter>头文件</Filter>
    </ClInclude>
    <ClInclude Include="pro538.h">
      <Filter>头文件</Filter>
    </ClInclude>
  </ItemGroup>
  <ItemGroup>
    <ClCompile Include="main.cpp">
      <Filter>源文件</Filter>
    </ClCompile>
  </ItemGroup>
</Project>