
Microsoft Visual Studio Solution File, Format Version 12.00
# Visual Studio 14
VisualStudioVersion = 14.0.25420.1
MinimumVisualStudioVersion = 10.0.40219.1
Project("{8BC9CEB8-8B4A-11D0-8D11-00A0C91BC942}") = "Summary", "Summary\Summary.vcxproj", "{31E02E91-E4CB-4E4A-B326-DC157D3B1B85}"
EndProject
Project("{8BC9CEB8-8B4A-11D0-8D11-00A0C91BC942}") = "AboutArray", "AboutArray\AboutArray.vcxproj", "{005ED194-0AA5-4B0C-B63C-01DA20AED0E7}"
EndProject
Project("{8BC9CEB8-8B4A-11D0-8D11-00A0C91BC942}") = "AboutList", "AboutList\AboutList.vcxproj", "{38D98A2D-A45F-42E8-A32F-2E288ECCB834}"
EndProject
Project("{8BC9CEB8-8B4A-11D0-8D11-00A0C91BC942}") = "AboutSorting", "AboutSorting\AboutSorting.vcxproj", "{696CC288-6A81-4A32-B579-C431D4982301}"
EndProject
Project("{8BC9CEB8-8B4A-11D0-8D11-00A0C91BC942}") = "AboutLeet", "AboutLeet\AboutLeet.vcxproj", "{AA4CD721-C602-49D3-ACE6-EC2B8769C23C}"
EndProject
Project("{8BC9CEB8-8B4A-11D0-8D11-00A0C91BC942}") = "AboutThread", "AboutThread\AboutThread.vcxproj", "{643597F4-C0C4-48D9-B3BE-F5A2261F70EC}"
EndProject
Global
	GlobalSection(SolutionConfigurationPlatforms) = preSolution
		Debug|x64 = Debug|x64
		Debug|x86 = Debug|x86
		Release|x64 = Release|x64
		Release|x86 = Release|x86
	EndGlobalSection
	GlobalSection(ProjectConfigurationPlatforms) = postSolution
		{31E02E91-E4CB-4E4A-B326-DC157D3B1B85}.Debug|x64.ActiveCfg = Debug|x64
		{31E02E91-E4CB-4E4A-B326-DC157D3B1B85}.Debug|x64.Build.0 = Debug|x64
		{31E02E91-E4CB-4E4A-B326-DC157D3B1B85}.Debug|x86.ActiveCfg = Debug|Win32
		{31E02E91-E4CB-4E4A-B326-DC157D3B1B85}.Debug|x86.Build.0 = Debug|Win32
		{31E02E91-E4CB-4E4A-B326-DC157D3B1B85}.Release|x64.ActiveCfg = Release|x64
		{31E02E91-E4CB-4E4A-B326-DC157D3B1B85}.Release|x64.Build.0 = Release|x64
		{31E02E91-E4CB-4E4A-B326-DC157D3B1B85}.Release|x86.ActiveCfg = Release|Win32
		{31E02E91-E4CB-4E4A-B326-DC157D3B1B85}.Release|x86.Build.0 = Release|Win32
		{005ED194-0AA5-4B0C-B63C-01DA20AED0E7}.Debug|x64.ActiveCfg = Debug|x64
		{005ED194-0AA5-4B0C-B63C-01DA20AED0E7}.Debug|x64.Build.0 = Debug|x64
		{005ED194-0AA5-4B0C-B63C-01DA20AED0E7}.Debug|x86.ActiveCfg = Debug|Win32
		{005ED194-0AA5-4B0C-B63C-01DA20AED0E7}.Debug|x86.Build.0 = Debug|Win32
		{005ED194-0AA5-4B0C-B63C-01DA20AED0E7}.Release|x64.ActiveCfg = Release|x64
		{005ED194-0AA5-4B0C-B63C-01DA20AED0E7}.Release|x64.Build.0 = Release|x64
		{005ED194-0AA5-4B0C-B63C-01DA20AED0E7}.Release|x86.ActiveCfg = Release|Win32
		{005ED194-0AA5-4B0C-B63C-01DA20AED0E7}.Release|x86.Build.0 = Release|Win32
		{38D98A2D-A45F-42E8-A32F-2E288ECCB834}.Debug|x64.ActiveCfg = Debug|x64
		{38D98A2D-A45F-42E8-A32F-2E288ECCB834}.Debug|x64.Build.0 = Debug|x64
		{38D98A2D-A45F-42E8-A32F-2E288ECCB834}.Debug|x86.ActiveCfg = Debug|Win32
		{38D98A2D-A45F-42E8-A32F-2E288ECCB834}.Debug|x86.Build.0 = Debug|Win32
		{38D98A2D-A45F-42E8-A32F-2E288ECCB834}.Release|x64.ActiveCfg = Release|x64
		{38D98A2D-A45F-42E8-A32F-2E288ECCB834}.Release|x64.Build.0 = Release|x64
		{38D98A2D-A45F-42E8-A32F-2E288ECCB834}.Release|x86.ActiveCfg = Release|Win32
		{38D98A2D-A45F-42E8-A32F-2E288ECCB834}.Release|x86.Build.0 = Release|Win32
		{696CC288-6A81-4A32-B579-C431D4982301}.Debug|x64.ActiveCfg = Debug|x64
		{696CC288-6A81-4A32-B579-C431D4982301}.Debug|x64.Build.0 = Debug|x64
		{696CC288-6A81-4A32-B579-C431D4982301}.Debug|x86.ActiveCfg = Debug|Win32
		{696CC288-6A81-4A32-B579-C431D4982301}.Debug|x86.Build.0 = Debug|Win32
		{696CC288-6A81-4A32-B579-C431D4982301}.Release|x64.ActiveCfg = Release|x64
		{696CC288-6A81-4A32-B579-C431D4982301}.Release|x64.Build.0 = Release|x64
		{696CC288-6A81-4A32-B579-C431D4982301}.Release|x86.ActiveCfg = Release|Win32
		{696CC288-6A81-4A32-B579-C431D4982301}.Release|x86.Build.0 = Release|Win32
		{AA4CD721-C602-49D3-ACE6-EC2B8769C23C}.Debug|x64.ActiveCfg = Debug|x64
		{AA4CD721-C602-49D3-ACE6-EC2B8769C23C}.Debug|x64.Build.0 = Debug|x64
		{AA4CD721-C602-49D3-ACE6-EC2B8769C23C}.Debug|x86.ActiveCfg = Debug|Win32
		{AA4CD721-C602-49D3-ACE6-EC2B8769C23C}.Debug|x86.Build.0 = Debug|Win32
		{AA4CD721-C602-49D3-ACE6-EC2B8769C23C}.Release|x64.ActiveCfg = Release|x64
		{AA4CD721-C602-49D3-ACE6-EC2B8769C23C}.Release|x64.Build.0 = Release|x64
		{AA4CD721-C602-49D3-ACE6-EC2B8769C23C}.Release|x86.ActiveCfg = Release|Win32
		{AA4CD721-C602-49D3-ACE6-EC2B8769C23C}.Release|x86.Build.0 = Release|Win32
		{643597F4-C0C4-48D9-B3BE-F5A2261F70EC}.Debug|x64.ActiveCfg = Debug|x64
		{643597F4-C0C4-48D9-B3BE-F5A2261F70EC}.Debug|x64.Build.0 = Debug|x64
		{643597F4-C0C4-48D9-B3BE-F5A2261F70EC}.Debug|x86.ActiveCfg = Debug|Win32
		{643597F4-C0C4-48D9-B3BE-F5A2261F70EC}.Debug|x86.Build.0 = Debug|Win32
		{643597F4-C0C4-48D9-B3BE-F5A2261F70EC}.Release|x64.ActiveCfg = Release|x64
		{643597F4-C0C4-48D9-B3BE-F5A2261F70EC}.Release|x64.Build.0 = Release|x64
		{643597F4-C0C4-48D9-B3BE-F5A2261F70EC}.Release|x86.ActiveCfg = Release|Win32
		{643597F4-C0C4-48D9-B3BE-F5A2261F70EC}.Release|x86.Build.0 = Release|Win32
	EndGlobalSection
	GlobalSection(SolutionProperties) = preSolution
		HideSolutionNode = FALSE
	EndGlobalSection
EndGlobal
